
Microsoft Visual Studio Solution File, Format Version 12.00
# Visual Studio Version 17
VisualStudioVersion = 17.5.33516.290
MinimumVisualStudioVersion = 10.0.40219.1
Project("{9A19103F-16F7-4668-BE54-9A1E7A4F7556}") = "BlazorWasmApp", "src\BlazorWasmApp\BlazorWasmApp.csproj", "{F97480BB-4CE2-4878-8403-3AC6C65266E0}"
EndProject
Project("{2150E333-8FDC-42A3-9474-1A3956D46DE8}") = "Solution Items", "Solution Items", "{4D85DD21-F9D1-4E9A-ABA2-3638439DCA47}"
	ProjectSection(SolutionItems) = preProject
		.editorconfig = .editorconfig
		.gitignore = .gitignore
		README.md = README.md
	EndProjectSection
EndProject
Global
	GlobalSection(SolutionConfigurationPlatforms) = preSolution
		Debug|Any CPU = Debug|Any CPU
		Release|Any CPU = Release|Any CPU
	EndGlobalSection
	GlobalSection(ProjectConfigurationPlatforms) = postSolution
		{F97480BB-4CE2-4878-8403-3AC6C65266E0}.Debug|Any CPU.ActiveCfg = Debug|Any CPU
		{F97480BB-4CE2-4878-8403-3AC6C65266E0}.Debug|Any CPU.Build.0 = Debug|Any CPU
		{F97480BB-4CE2-4878-8403-3AC6C65266E0}.Release|Any CPU.ActiveCfg = Release|Any CPU
		{F97480BB-4CE2-4878-8403-3AC6C65266E0}.Release|Any CPU.Build.0 = Release|Any CPU
	EndGlobalSection
	GlobalSection(SolutionProperties) = preSolution
		HideSolutionNode = FALSE
	EndGlobalSection
	GlobalSection(ExtensibilityGlobals) = postSolution
		SolutionGuid = {88F15213-6526-4156-876C-B5363E6A28FE}
	EndGlobalSection
EndGlobal
